
Microsoft Visual Studio Solution File, Format Version 12.00
# Visual Studio Version 17
VisualStudioVersion = 17.0.31717.71
MinimumVisualStudioVersion = 10.0.40219.1
Project("{FAE04EC0-301F-11D3-BF4B-00C04F79EFBC}") = "FunctionAppWithOpenApi", "FunctionAppWithOpenApi\FunctionAppWithOpenApi.csproj", "{7A34D11C-A3D3-42B3-A08D-FB56735890CC}"
EndProject
Global
	GlobalSection(SolutionConfigurationPlatforms) = preSolution
		Debug|Any CPU = Debug|Any CPU
		Release|Any CPU = Release|Any CPU
	EndGlobalSection
	GlobalSection(ProjectConfigurationPlatforms) = postSolution
		{7A34D11C-A3D3-42B3-A08D-FB56735890CC}.Debug|Any CPU.ActiveCfg = Debug|Any CPU
		{7A34D11C-A3D3-42B3-A08D-FB56735890CC}.Debug|Any CPU.Build.0 = Debug|Any CPU
		{7A34D11C-A3D3-42B3-A08D-FB56735890CC}.Release|Any CPU.ActiveCfg = Release|Any CPU
		{7A34D11C-A3D3-42B3-A08D-FB56735890CC}.Release|Any CPU.Build.0 = Release|Any CPU
	EndGlobalSection
	GlobalSection(SolutionProperties) = preSolution
		HideSolutionNode = FALSE
	EndGlobalSection
	GlobalSection(ExtensibilityGlobals) = postSolution
		SolutionGuid = {0A7F559E-0C0E-44B8-B911-4241B54E7AA9}
	EndGlobalSection
EndGlobal
